
Microsoft Visual Studio Solution File, Format Version 12.00
# Visual Studio Version 16
VisualStudioVersion = 16.0.31729.503
MinimumVisualStudioVersion = 10.0.40219.1
Project("{FAE04EC0-301F-11D3-BF4B-00C04F79EFBC}") = "Lab1", "Lab1\Lab1.csproj", "{EBB87AB9-7043-4944-9E1E-31E2CCBCD074}"
EndProject
Global
	GlobalSection(SolutionConfigurationPlatforms) = preSolution
		Debug|Any CPU = Debug|Any CPU
		Release|Any CPU = Release|Any CPU
	EndGlobalSection
	GlobalSection(ProjectConfigurationPlatforms) = postSolution
		{EBB87AB9-7043-4944-9E1E-31E2CCBCD074}.Debug|Any CPU.ActiveCfg = Debug|Any CPU
		{EBB87AB9-7043-4944-9E1E-31E2CCBCD074}.Debug|Any CPU.Build.0 = Debug|Any CPU
		{EBB87AB9-7043-4944-9E1E-31E2CCBCD074}.Release|Any CPU.ActiveCfg = Release|Any CPU
		{EBB87AB9-7043-4944-9E1E-31E2CCBCD074}.Release|Any CPU.Build.0 = Release|Any CPU
	EndGlobalSection
	GlobalSection(SolutionProperties) = preSolution
		HideSolutionNode = FALSE
	EndGlobalSection
	GlobalSection(ExtensibilityGlobals) = postSolution
		SolutionGuid = {4FC1CCE5-7018-402F-92CA-4021E0B02E0C}
	EndGlobalSection
EndGlobal
